
Microsoft Visual Studio Solution File, Format Version 12.00
# Visual Studio Version 17
VisualStudioVersion = 17.8.34525.116
MinimumVisualStudioVersion = 10.0.40219.1
Project("{FAE04EC0-301F-11D3-BF4B-00C04F79EFBC}") = "ClassLibrary1", "ClassLibrary1\ClassLibrary1.csproj", "{BF0A38B1-24DA-4FD4-86B8-FE89A432F8FB}"
EndProject
Global
	GlobalSection(SolutionConfigurationPlatforms) = preSolution
		Debug|Any CPU = Debug|Any CPU
		Release|Any CPU = Release|Any CPU
	EndGlobalSection
	GlobalSection(ProjectConfigurationPlatforms) = postSolution
		{BF0A38B1-24DA-4FD4-86B8-FE89A432F8FB}.Debug|Any CPU.ActiveCfg = Debug|Any CPU
		{BF0A38B1-24DA-4FD4-86B8-FE89A432F8FB}.Debug|Any CPU.Build.0 = Debug|Any CPU
		{BF0A38B1-24DA-4FD4-86B8-FE89A432F8FB}.Release|Any CPU.ActiveCfg = Release|Any CPU
		{BF0A38B1-24DA-4FD4-86B8-FE89A432F8FB}.Release|Any CPU.Build.0 = Release|Any CPU
	EndGlobalSection
	GlobalSection(SolutionProperties) = preSolution
		HideSolutionNode = FALSE
	EndGlobalSection
	GlobalSection(ExtensibilityGlobals) = postSolution
		SolutionGuid = {776B6A4F-06E5-4274-9EB6-4CB96D457D50}
	EndGlobalSection
EndGlobal
