
Microsoft Visual Studio Solution File, Format Version 12.00
# Visual Studio Version 17
VisualStudioVersion = 17.8.34525.116
MinimumVisualStudioVersion = 10.0.40219.1
Project("{9A19103F-16F7-4668-BE54-9A1E7A4F7556}") = "csharp-testing", "csharp-testing\csharp-testing.csproj", "{E2836CC9-880A-4683-8EFA-250CC9B804EC}"
EndProject
Project("{9A19103F-16F7-4668-BE54-9A1E7A4F7556}") = "Adressbook-test-data-generation", "Adressbook-test-data-generation\Adressbook-test-data-generation.csproj", "{BE2ED8B3-3974-406E-887D-7390B3273895}"
	ProjectSection(ProjectDependencies) = postProject
		{E2836CC9-880A-4683-8EFA-250CC9B804EC} = {E2836CC9-880A-4683-8EFA-250CC9B804EC}
	EndProjectSection
EndProject
Project("{9A19103F-16F7-4668-BE54-9A1E7A4F7556}") = "ClassLibrary1", "..\..\ClassLibrary1\ClassLibrary1\ClassLibrary1\ClassLibrary1.csproj", "{C4397A36-886F-4D2E-B715-8D59ADD3B53D}"
EndProject
Global
	GlobalSection(SolutionConfigurationPlatforms) = preSolution
		Debug|Any CPU = Debug|Any CPU
		Release|Any CPU = Release|Any CPU
	EndGlobalSection
	GlobalSection(ProjectConfigurationPlatforms) = postSolution
		{E2836CC9-880A-4683-8EFA-250CC9B804EC}.Debug|Any CPU.ActiveCfg = Debug|Any CPU
		{E2836CC9-880A-4683-8EFA-250CC9B804EC}.Debug|Any CPU.Build.0 = Debug|Any CPU
		{E2836CC9-880A-4683-8EFA-250CC9B804EC}.Release|Any CPU.ActiveCfg = Release|Any CPU
		{E2836CC9-880A-4683-8EFA-250CC9B804EC}.Release|Any CPU.Build.0 = Release|Any CPU
		{BE2ED8B3-3974-406E-887D-7390B3273895}.Debug|Any CPU.ActiveCfg = Debug|Any CPU
		{BE2ED8B3-3974-406E-887D-7390B3273895}.Debug|Any CPU.Build.0 = Debug|Any CPU
		{BE2ED8B3-3974-406E-887D-7390B3273895}.Release|Any CPU.ActiveCfg = Release|Any CPU
		{BE2ED8B3-3974-406E-887D-7390B3273895}.Release|Any CPU.Build.0 = Release|Any CPU
		{C4397A36-886F-4D2E-B715-8D59ADD3B53D}.Debug|Any CPU.ActiveCfg = Debug|Any CPU
		{C4397A36-886F-4D2E-B715-8D59ADD3B53D}.Debug|Any CPU.Build.0 = Debug|Any CPU
		{C4397A36-886F-4D2E-B715-8D59ADD3B53D}.Release|Any CPU.ActiveCfg = Release|Any CPU
		{C4397A36-886F-4D2E-B715-8D59ADD3B53D}.Release|Any CPU.Build.0 = Release|Any CPU
	EndGlobalSection
	GlobalSection(SolutionProperties) = preSolution
		HideSolutionNode = FALSE
	EndGlobalSection
	GlobalSection(ExtensibilityGlobals) = postSolution
		SolutionGuid = {52FF4C2C-79CA-4DCD-BF60-2C6162B14038}
	EndGlobalSection
EndGlobal
